
Microsoft Visual Studio Solution File, Format Version 12.00
# Visual Studio Version 17
VisualStudioVersion = 17.5.33516.290
MinimumVisualStudioVersion = 10.0.40219.1
Project("{9A19103F-16F7-4668-BE54-9A1E7A4F7556}") = "PrjtAula01", "PrjtAula01\PrjtAula01.csproj", "{42B4C042-8DAC-4302-98B0-64B444704C18}"
EndProject
Project("{FAE04EC0-301F-11D3-BF4B-00C04F79EFBC}") = "DTO", "DTO\DTO.csproj", "{2D04ABF4-BDDB-495B-9A5D-7103978F3A44}"
EndProject
Project("{FAE04EC0-301F-11D3-BF4B-00C04F79EFBC}") = "DAL", "DAL\DAL.csproj", "{F6DB5DFB-45B9-446A-8B3D-D7DEA582BCDB}"
EndProject
Project("{FAE04EC0-301F-11D3-BF4B-00C04F79EFBC}") = "BLL", "BLL\BLL.csproj", "{AF28581E-29CA-4EE0-BFEB-F8E9429C37E3}"
EndProject
Global
	GlobalSection(SolutionConfigurationPlatforms) = preSolution
		Debug|Any CPU = Debug|Any CPU
		Release|Any CPU = Release|Any CPU
	EndGlobalSection
	GlobalSection(ProjectConfigurationPlatforms) = postSolution
		{42B4C042-8DAC-4302-98B0-64B444704C18}.Debug|Any CPU.ActiveCfg = Debug|Any CPU
		{42B4C042-8DAC-4302-98B0-64B444704C18}.Debug|Any CPU.Build.0 = Debug|Any CPU
		{42B4C042-8DAC-4302-98B0-64B444704C18}.Release|Any CPU.ActiveCfg = Release|Any CPU
		{42B4C042-8DAC-4302-98B0-64B444704C18}.Release|Any CPU.Build.0 = Release|Any CPU
		{2D04ABF4-BDDB-495B-9A5D-7103978F3A44}.Debug|Any CPU.ActiveCfg = Debug|Any CPU
		{2D04ABF4-BDDB-495B-9A5D-7103978F3A44}.Debug|Any CPU.Build.0 = Debug|Any CPU
		{2D04ABF4-BDDB-495B-9A5D-7103978F3A44}.Release|Any CPU.ActiveCfg = Release|Any CPU
		{2D04ABF4-BDDB-495B-9A5D-7103978F3A44}.Release|Any CPU.Build.0 = Release|Any CPU
		{F6DB5DFB-45B9-446A-8B3D-D7DEA582BCDB}.Debug|Any CPU.ActiveCfg = Debug|Any CPU
		{F6DB5DFB-45B9-446A-8B3D-D7DEA582BCDB}.Debug|Any CPU.Build.0 = Debug|Any CPU
		{F6DB5DFB-45B9-446A-8B3D-D7DEA582BCDB}.Release|Any CPU.ActiveCfg = Release|Any CPU
		{F6DB5DFB-45B9-446A-8B3D-D7DEA582BCDB}.Release|Any CPU.Build.0 = Release|Any CPU
		{AF28581E-29CA-4EE0-BFEB-F8E9429C37E3}.Debug|Any CPU.ActiveCfg = Debug|Any CPU
		{AF28581E-29CA-4EE0-BFEB-F8E9429C37E3}.Debug|Any CPU.Build.0 = Debug|Any CPU
		{AF28581E-29CA-4EE0-BFEB-F8E9429C37E3}.Release|Any CPU.ActiveCfg = Release|Any CPU
		{AF28581E-29CA-4EE0-BFEB-F8E9429C37E3}.Release|Any CPU.Build.0 = Release|Any CPU
	EndGlobalSection
	GlobalSection(SolutionProperties) = preSolution
		HideSolutionNode = FALSE
	EndGlobalSection
	GlobalSection(ExtensibilityGlobals) = postSolution
		SolutionGuid = {9CC12300-BDFA-40CB-87C8-D6C24E6E408A}
	EndGlobalSection
EndGlobal
